
Microsoft Visual Studio Solution File, Format Version 12.00
Project("{FAE04EC0-301F-11D3-BF4B-00C04F79EFBC}") = "Doudizhu.Api", "Doudizhu.Api\Source\Doudizhu.Api.csproj", "{2B8E0492-8B03-4B79-8008-016985CA8D24}"
EndProject
Project("{FAE04EC0-301F-11D3-BF4B-00C04F79EFBC}") = "Doudizhu.Tests", "Doudizhu.Api\Doudizhu.Tests\Doudizhu.Tests.csproj", "{499898A7-A87E-4B18-A884-49180E1C835D}"
EndProject
Project("{FAE04EC0-301F-11D3-BF4B-00C04F79EFBC}") = "Doudizhu.Common", "Doudizhu.Common\Doudizhu.Common.csproj", "{D24DAE09-B79F-493E-81E2-555DD4D841D2}"
EndProject
Global
	GlobalSection(SolutionConfigurationPlatforms) = preSolution
		Debug|Any CPU = Debug|Any CPU
		Release|Any CPU = Release|Any CPU
	EndGlobalSection
	GlobalSection(ProjectConfigurationPlatforms) = postSolution
		{2B8E0492-8B03-4B79-8008-016985CA8D24}.Debug|Any CPU.ActiveCfg = Debug|Any CPU
		{2B8E0492-8B03-4B79-8008-016985CA8D24}.Debug|Any CPU.Build.0 = Debug|Any CPU
		{2B8E0492-8B03-4B79-8008-016985CA8D24}.Release|Any CPU.ActiveCfg = Release|Any CPU
		{2B8E0492-8B03-4B79-8008-016985CA8D24}.Release|Any CPU.Build.0 = Release|Any CPU
		{499898A7-A87E-4B18-A884-49180E1C835D}.Debug|Any CPU.ActiveCfg = Debug|Any CPU
		{499898A7-A87E-4B18-A884-49180E1C835D}.Debug|Any CPU.Build.0 = Debug|Any CPU
		{499898A7-A87E-4B18-A884-49180E1C835D}.Release|Any CPU.ActiveCfg = Release|Any CPU
		{499898A7-A87E-4B18-A884-49180E1C835D}.Release|Any CPU.Build.0 = Release|Any CPU
		{D24DAE09-B79F-493E-81E2-555DD4D841D2}.Debug|Any CPU.ActiveCfg = Debug|Any CPU
		{D24DAE09-B79F-493E-81E2-555DD4D841D2}.Debug|Any CPU.Build.0 = Debug|Any CPU
		{D24DAE09-B79F-493E-81E2-555DD4D841D2}.Release|Any CPU.ActiveCfg = Release|Any CPU
		{D24DAE09-B79F-493E-81E2-555DD4D841D2}.Release|Any CPU.Build.0 = Release|Any CPU
	EndGlobalSection
EndGlobal
